
Microsoft Visual Studio Solution File, Format Version 12.00
# Visual Studio Version 16
VisualStudioVersion = 16.0.32106.194
MinimumVisualStudioVersion = 10.0.40219.1
Project("{FAE04EC0-301F-11D3-BF4B-00C04F79EFBC}") = "задание 6", "задание 6.csproj", "{B78A6AB0-57EE-4B1D-96B0-EE2181804C3E}"
EndProject
Global
	GlobalSection(SolutionConfigurationPlatforms) = preSolution
		Debug|Any CPU = Debug|Any CPU
		Release|Any CPU = Release|Any CPU
	EndGlobalSection
	GlobalSection(ProjectConfigurationPlatforms) = postSolution
		{B78A6AB0-57EE-4B1D-96B0-EE2181804C3E}.Debug|Any CPU.ActiveCfg = Debug|Any CPU
		{B78A6AB0-57EE-4B1D-96B0-EE2181804C3E}.Debug|Any CPU.Build.0 = Debug|Any CPU
		{B78A6AB0-57EE-4B1D-96B0-EE2181804C3E}.Release|Any CPU.ActiveCfg = Release|Any CPU
		{B78A6AB0-57EE-4B1D-96B0-EE2181804C3E}.Release|Any CPU.Build.0 = Release|Any CPU
	EndGlobalSection
	GlobalSection(SolutionProperties) = preSolution
		HideSolutionNode = FALSE
	EndGlobalSection
	GlobalSection(ExtensibilityGlobals) = postSolution
		SolutionGuid = {54EA828B-A65B-4116-8DBC-9E5F32BF7785}
	EndGlobalSection
EndGlobal
