
Microsoft Visual Studio Solution File, Format Version 12.00
# Visual Studio Version 17
VisualStudioVersion = 17.3.32901.215
MinimumVisualStudioVersion = 10.0.40219.1
Project("{FAE04EC0-301F-11D3-BF4B-00C04F79EFBC}") = "кальк", "кальк\кальк.csproj", "{01063852-B629-4FFC-99CF-A376A6567738}"
EndProject
Global
	GlobalSection(SolutionConfigurationPlatforms) = preSolution
		Debug|Any CPU = Debug|Any CPU
		Release|Any CPU = Release|Any CPU
	EndGlobalSection
	GlobalSection(ProjectConfigurationPlatforms) = postSolution
		{01063852-B629-4FFC-99CF-A376A6567738}.Debug|Any CPU.ActiveCfg = Debug|Any CPU
		{01063852-B629-4FFC-99CF-A376A6567738}.Debug|Any CPU.Build.0 = Debug|Any CPU
		{01063852-B629-4FFC-99CF-A376A6567738}.Release|Any CPU.ActiveCfg = Release|Any CPU
		{01063852-B629-4FFC-99CF-A376A6567738}.Release|Any CPU.Build.0 = Release|Any CPU
	EndGlobalSection
	GlobalSection(SolutionProperties) = preSolution
		HideSolutionNode = FALSE
	EndGlobalSection
	GlobalSection(ExtensibilityGlobals) = postSolution
		SolutionGuid = {A0B23A10-0225-481B-A656-9C4D2F6169F3}
	EndGlobalSection
EndGlobal
